
Microsoft Visual Studio Solution File, Format Version 12.00
# Visual Studio Version 17
VisualStudioVersion = 17.8.34525.116
MinimumVisualStudioVersion = 10.0.40219.1
Project("{9A19103F-16F7-4668-BE54-9A1E7A4F7556}") = "Practice", "Practice\Practice.csproj", "{F1BA334E-8199-421D-8441-135869F60C3C}"
EndProject
Project("{9A19103F-16F7-4668-BE54-9A1E7A4F7556}") = "Practice2", "Practice2\Practice2.csproj", "{65A82EFD-6BA6-404D-8461-9E82BCBB4F5A}"
EndProject
Project("{FAE04EC0-301F-11D3-BF4B-00C04F79EFBC}") = "WebApplication1", "WebApplication1\WebApplication1.csproj", "{3C5BFA7B-6CDC-45D5-B04B-956C176457B9}"
EndProject
Project("{FAE04EC0-301F-11D3-BF4B-00C04F79EFBC}") = "Practice3", "Practice3\Practice3.csproj", "{7795A429-EC2A-4A64-9CF6-5825562175E5}"
EndProject
Global
	GlobalSection(SolutionConfigurationPlatforms) = preSolution
		Debug|Any CPU = Debug|Any CPU
		Release|Any CPU = Release|Any CPU
	EndGlobalSection
	GlobalSection(ProjectConfigurationPlatforms) = postSolution
		{F1BA334E-8199-421D-8441-135869F60C3C}.Debug|Any CPU.ActiveCfg = Debug|Any CPU
		{F1BA334E-8199-421D-8441-135869F60C3C}.Debug|Any CPU.Build.0 = Debug|Any CPU
		{F1BA334E-8199-421D-8441-135869F60C3C}.Release|Any CPU.ActiveCfg = Release|Any CPU
		{F1BA334E-8199-421D-8441-135869F60C3C}.Release|Any CPU.Build.0 = Release|Any CPU
		{65A82EFD-6BA6-404D-8461-9E82BCBB4F5A}.Debug|Any CPU.ActiveCfg = Debug|Any CPU
		{65A82EFD-6BA6-404D-8461-9E82BCBB4F5A}.Debug|Any CPU.Build.0 = Debug|Any CPU
		{65A82EFD-6BA6-404D-8461-9E82BCBB4F5A}.Release|Any CPU.ActiveCfg = Release|Any CPU
		{65A82EFD-6BA6-404D-8461-9E82BCBB4F5A}.Release|Any CPU.Build.0 = Release|Any CPU
		{3C5BFA7B-6CDC-45D5-B04B-956C176457B9}.Debug|Any CPU.ActiveCfg = Debug|Any CPU
		{3C5BFA7B-6CDC-45D5-B04B-956C176457B9}.Debug|Any CPU.Build.0 = Debug|Any CPU
		{3C5BFA7B-6CDC-45D5-B04B-956C176457B9}.Release|Any CPU.ActiveCfg = Release|Any CPU
		{3C5BFA7B-6CDC-45D5-B04B-956C176457B9}.Release|Any CPU.Build.0 = Release|Any CPU
		{7795A429-EC2A-4A64-9CF6-5825562175E5}.Debug|Any CPU.ActiveCfg = Debug|Any CPU
		{7795A429-EC2A-4A64-9CF6-5825562175E5}.Debug|Any CPU.Build.0 = Debug|Any CPU
		{7795A429-EC2A-4A64-9CF6-5825562175E5}.Release|Any CPU.ActiveCfg = Release|Any CPU
		{7795A429-EC2A-4A64-9CF6-5825562175E5}.Release|Any CPU.Build.0 = Release|Any CPU
	EndGlobalSection
	GlobalSection(SolutionProperties) = preSolution
		HideSolutionNode = FALSE
	EndGlobalSection
	GlobalSection(ExtensibilityGlobals) = postSolution
		SolutionGuid = {BAF56EA4-9361-43D3-88FF-E20A330094CA}
	EndGlobalSection
EndGlobal
